
Microsoft Visual Studio Solution File, Format Version 12.00
# Visual Studio 2012
Project("{8BC9CEB8-8B4A-11D0-8D11-00A0C91BC942}") = "GeneticAlgo", "GeneticAlgo\GeneticAlgo.vcxproj", "{662D92C7-16A0-4119-9FCC-3F45276794AE}"
EndProject
Global
	GlobalSection(SolutionConfigurationPlatforms) = preSolution
		Debug|Win32 = Debug|Win32
		Release|Win32 = Release|Win32
	EndGlobalSection
	GlobalSection(ProjectConfigurationPlatforms) = postSolution
		{662D92C7-16A0-4119-9FCC-3F45276794AE}.Debug|Win32.ActiveCfg = Debug|Win32
		{662D92C7-16A0-4119-9FCC-3F45276794AE}.Debug|Win32.Build.0 = Debug|Win32
		{662D92C7-16A0-4119-9FCC-3F45276794AE}.Debug|Win32.Deploy.0 = Debug|Win32
		{662D92C7-16A0-4119-9FCC-3F45276794AE}.Release|Win32.ActiveCfg = Release|Win32
		{662D92C7-16A0-4119-9FCC-3F45276794AE}.Release|Win32.Build.0 = Release|Win32
		{662D92C7-16A0-4119-9FCC-3F45276794AE}.Release|Win32.Deploy.0 = Release|Win32
	EndGlobalSection
	GlobalSection(SolutionProperties) = preSolution
		HideSolutionNode = FALSE
	EndGlobalSection
EndGlobal
